
Microsoft Visual Studio Solution File, Format Version 12.00
# Visual Studio Version 16
VisualStudioVersion = 16.0.28922.388
MinimumVisualStudioVersion = 10.0.40219.1
Project("{D954291E-2A0B-460D-934E-DC6B0785DB48}") = "AutoCore", "AutoCore\AutoCore.shproj", "{EC64E7D3-A7F1-424B-AEC8-AE16710B014D}"
EndProject
Project("{FAE04EC0-301F-11D3-BF4B-00C04F79EFBC}") = "AutoSudoku", "AutoSudoku\AutoSudoku.csproj", "{A712077E-D107-4B6B-819F-165A60D1B339}"
EndProject
Project("{FAE04EC0-301F-11D3-BF4B-00C04F79EFBC}") = "AutoSpeedLinkup", "AutoSpeedLinkup\AutoSpeedLinkup.csproj", "{C366D41E-DED3-45FD-9BD5-1EAF6DD40A08}"
EndProject
Project("{FAE04EC0-301F-11D3-BF4B-00C04F79EFBC}") = "ZYAutoGo", "ZYAutoGo\ZYAutoGo.csproj", "{5D9551DC-E9EF-455E-B2BD-2FB9EE17E579}"
EndProject
Global
	GlobalSection(SharedMSBuildProjectFiles) = preSolution
		AutoCore\AutoCore.projitems*{5d9551dc-e9ef-455e-b2bd-2fb9ee17e579}*SharedItemsImports = 4
		AutoCore\AutoCore.projitems*{a712077e-d107-4b6b-819f-165a60d1b339}*SharedItemsImports = 4
		AutoCore\AutoCore.projitems*{c366d41e-ded3-45fd-9bd5-1eaf6dd40a08}*SharedItemsImports = 4
		AutoCore\AutoCore.projitems*{ec64e7d3-a7f1-424b-aec8-ae16710b014d}*SharedItemsImports = 13
	EndGlobalSection
	GlobalSection(SolutionConfigurationPlatforms) = preSolution
		Debug|Any CPU = Debug|Any CPU
		Release|Any CPU = Release|Any CPU
	EndGlobalSection
	GlobalSection(ProjectConfigurationPlatforms) = postSolution
		{A712077E-D107-4B6B-819F-165A60D1B339}.Debug|Any CPU.ActiveCfg = Debug|Any CPU
		{A712077E-D107-4B6B-819F-165A60D1B339}.Debug|Any CPU.Build.0 = Debug|Any CPU
		{A712077E-D107-4B6B-819F-165A60D1B339}.Release|Any CPU.ActiveCfg = Release|Any CPU
		{A712077E-D107-4B6B-819F-165A60D1B339}.Release|Any CPU.Build.0 = Release|Any CPU
		{C366D41E-DED3-45FD-9BD5-1EAF6DD40A08}.Debug|Any CPU.ActiveCfg = Debug|Any CPU
		{C366D41E-DED3-45FD-9BD5-1EAF6DD40A08}.Debug|Any CPU.Build.0 = Debug|Any CPU
		{C366D41E-DED3-45FD-9BD5-1EAF6DD40A08}.Release|Any CPU.ActiveCfg = Release|Any CPU
		{C366D41E-DED3-45FD-9BD5-1EAF6DD40A08}.Release|Any CPU.Build.0 = Release|Any CPU
		{5D9551DC-E9EF-455E-B2BD-2FB9EE17E579}.Debug|Any CPU.ActiveCfg = Debug|Any CPU
		{5D9551DC-E9EF-455E-B2BD-2FB9EE17E579}.Debug|Any CPU.Build.0 = Debug|Any CPU
		{5D9551DC-E9EF-455E-B2BD-2FB9EE17E579}.Release|Any CPU.ActiveCfg = Release|Any CPU
		{5D9551DC-E9EF-455E-B2BD-2FB9EE17E579}.Release|Any CPU.Build.0 = Release|Any CPU
	EndGlobalSection
	GlobalSection(SolutionProperties) = preSolution
		HideSolutionNode = FALSE
	EndGlobalSection
	GlobalSection(ExtensibilityGlobals) = postSolution
		SolutionGuid = {D3524919-FF4B-47BE-8486-889509533ACF}
	EndGlobalSection
EndGlobal
